
Microsoft Visual Studio Solution File, Format Version 12.00
# Visual Studio Version 17
VisualStudioVersion = 17.13.35913.81 d17.13
MinimumVisualStudioVersion = 10.0.40219.1
Project("{FAE04EC0-301F-11D3-BF4B-00C04F79EFBC}") = "Wavy.I", "Wavy.I\Wavy.I.csproj", "{97F29639-4D91-4A04-9B78-DD27789EDEBD}"
EndProject
Global
	GlobalSection(SolutionConfigurationPlatforms) = preSolution
		Debug|Any CPU = Debug|Any CPU
		Release|Any CPU = Release|Any CPU
	EndGlobalSection
	GlobalSection(ProjectConfigurationPlatforms) = postSolution
		{97F29639-4D91-4A04-9B78-DD27789EDEBD}.Debug|Any CPU.ActiveCfg = Debug|Any CPU
		{97F29639-4D91-4A04-9B78-DD27789EDEBD}.Debug|Any CPU.Build.0 = Debug|Any CPU
		{97F29639-4D91-4A04-9B78-DD27789EDEBD}.Release|Any CPU.ActiveCfg = Release|Any CPU
		{97F29639-4D91-4A04-9B78-DD27789EDEBD}.Release|Any CPU.Build.0 = Release|Any CPU
	EndGlobalSection
	GlobalSection(SolutionProperties) = preSolution
		HideSolutionNode = FALSE
	EndGlobalSection
	GlobalSection(ExtensibilityGlobals) = postSolution
		SolutionGuid = {B1295779-2BC3-4B8D-AB83-6FEE3510BB57}
	EndGlobalSection
EndGlobal
